<?xml version="1.0" encoding="utf-8"?>
<Project ToolsVersion="4.0" xmlns="http://schemas.microsoft.com/developer/msbuild/2003">
  <ItemGroup>
    <Filter Include="DreamEngine">
      <UniqueIdentifier>{C46D490E-3023-C203-B917-BCDA25CCB807}</UniqueIdentifier>
    </Filter>
    <Filter Include="DreamEngine\Events">
      <UniqueIdentifier>{2875A9B7-1459-6A0D-7DB9-646069BC548F}</UniqueIdentifier>
    </Filter>
    <Filter Include="DreamEngine\ImGui">
      <UniqueIdentifier>{EE2586CF-5A3C-8465-A3B3-0F870F0955ED}</UniqueIdentifier>
    </Filter>
    <Filter Include="Platform">
      <UniqueIdentifier>{2AC788B4-1694-E3BF-3FAD-D1672BD9184E}</UniqueIdentifier>
    </Filter>
    <Filter Include="Platform\OpenGL">
      <UniqueIdentifier>{1E7D2C1D-8A08-9AE1-9319-1DD6FF23F6E1}</UniqueIdentifier>
    </Filter>
    <Filter Include="Platform\Windows">
      <UniqueIdentifier>{64FBD71A-50F4-F66C-7926-DCF1657ED678}</UniqueIdentifier>
    </Filter>
  </ItemGroup>
  <ItemGroup>
    <ClInclude Include="src\DreamEngine.h" />
    <ClInclude Include="src\DreamEngine\APP.h">
      <Filter>DreamEngine</Filter>
    </ClInclude>
    <ClInclude Include="src\DreamEngine\Core.h">
      <Filter>DreamEngine</Filter>
    </ClInclude>
    <ClInclude Include="src\DreamEngine\EntryPoint.h">
      <Filter>DreamEngine</Filter>
    </ClInclude>
    <ClInclude Include="src\DreamEngine\Events\APPEvent.h">
      <Filter>DreamEngine\Events</Filter>
    </ClInclude>
    <ClInclude Include="src\DreamEngine\Events\Event.h">
      <Filter>DreamEngine\Events</Filter>
    </ClInclude>
    <ClInclude Include="src\DreamEngine\Events\KeyEvent.h">
      <Filter>DreamEngine\Events</Filter>
    </ClInclude>
    <ClInclude Include="src\DreamEngine\Events\MouseEvent.h">
      <Filter>DreamEngine\Events</Filter>
    </ClInclude>
    <ClInclude Include="src\DreamEngine\ImGui\ImGuiLayer.h">
      <Filter>DreamEngine\ImGui</Filter>
    </ClInclude>
    <ClInclude Include="src\DreamEngine\Layer.h">
      <Filter>DreamEngine</Filter>
    </ClInclude>
    <ClInclude Include="src\DreamEngine\LayerStack.h">
      <Filter>DreamEngine</Filter>
    </ClInclude>
    <ClInclude Include="src\DreamEngine\Log.h">
      <Filter>DreamEngine</Filter>
    </ClInclude>
    <ClInclude Include="src\DreamEngine\Window.h">
      <Filter>DreamEngine</Filter>
    </ClInclude>
    <ClInclude Include="src\Platform\OpenGL\ImGuiOpenGLRenderer.h">
      <Filter>Platform\OpenGL</Filter>
    </ClInclude>
    <ClInclude Include="src\Platform\Windows\WindowsWindow.h">
      <Filter>Platform\Windows</Filter>
    </ClInclude>
    <ClInclude Include="src\depch.h" />
  </ItemGroup>
  <ItemGroup>
    <ClCompile Include="src\DreamEngine\APP.cpp">
      <Filter>DreamEngine</Filter>
    </ClCompile>
    <ClCompile Include="src\DreamEngine\ImGui\ImGuiLayer.cpp">
      <Filter>DreamEngine\ImGui</Filter>
    </ClCompile>
    <ClCompile Include="src\DreamEngine\Layer.cpp">
      <Filter>DreamEngine</Filter>
    </ClCompile>
    <ClCompile Include="src\DreamEngine\LayerStack.cpp">
      <Filter>DreamEngine</Filter>
    </ClCompile>
    <ClCompile Include="src\DreamEngine\Log.cpp">
      <Filter>DreamEngine</Filter>
    </ClCompile>
    <ClCompile Include="src\Platform\OpenGL\ImGuiOpenGLRenderer.cpp">
      <Filter>Platform\OpenGL</Filter>
    </ClCompile>
    <ClCompile Include="src\Platform\Windows\WindowsWindow.cpp">
      <Filter>Platform\Windows</Filter>
    </ClCompile>
    <ClCompile Include="src\depch.cpp" />
  </ItemGroup>
</Project>