<?xml version="1.0" encoding="utf-8"?>
<Project ToolsVersion="4.0" xmlns="http://schemas.microsoft.com/developer/msbuild/2003">
  <ItemGroup>
    <Filter Include="DreamEngine">
      <UniqueIdentifier>{C46D490E-3023-C203-B917-BCDA25CCB807}</UniqueIdentifier>
    </Filter>
  </ItemGroup>
  <ItemGroup>
    <ClInclude Include="src\Dream.h" />
    <ClInclude Include="src\DreamEngine\APP.h">
      <Filter>DreamEngine</Filter>
    </ClInclude>
    <ClInclude Include="src\DreamEngine\Core.h">
      <Filter>DreamEngine</Filter>
    </ClInclude>
    <ClInclude Include="src\DreamEngine\EntryPoint.h">
      <Filter>DreamEngine</Filter>
    </ClInclude>
    <ClInclude Include="src\DreamEngine\Log.h">
      <Filter>DreamEngine</Filter>
    </ClInclude>
  </ItemGroup>
  <ItemGroup>
    <ClCompile Include="src\DreamEngine\APP.cpp">
      <Filter>DreamEngine</Filter>
    </ClCompile>
    <ClCompile Include="src\DreamEngine\Log.cpp">
      <Filter>DreamEngine</Filter>
    </ClCompile>
  </ItemGroup>
</Project>